{
  "name": "intent-lang",
  "version": "1.0.0",
  "lockfileVersion": 3,
  "requires": true,
  "packages": {
    "": {
      "name": "intent-lang",
      "version": "1.0.0",
      "license": "MIT",
      "bin": {
        "intent": "dist/cli.js"
      },
      "devDependencies": {
        "@types/node": "^20.0.0",
        "@typescript/native-preview": "^7.0.0-dev.20260218.1",
        "typescript": "^5.3.0"
      },
      "engines": {
        "node": ">=18.0.0"
      }
    },
    "node_modules/@types/node": {
      "version": "20.19.30",
      "resolved": "https://registry.npmjs.org/@types/node/-/node-20.19.30.tgz",
      "integrity": "sha512-WJtwWJu7UdlvzEAUm484QNg5eAoq5QR08KDNx7g45Usrs2NtOPiX8ugDqmKdXkyL03rBqU5dYNYVQetEpBHq2g==",
      "dev": true,
      "dependencies": {
        "undici-types": "~6.21.0"
      }
    },
    "node_modules/@typescript/native-preview": {
      "version": "7.0.0-dev.20260218.1",
      "resolved": "https://registry.npmjs.org/@typescript/native-preview/-/native-preview-7.0.0-dev.20260218.1.tgz",
      "integrity": "sha512-hbGRXBk7abFvOQJk/7mc8K9q1kPkiyziyUsS8r8Hc1sLxrDFUbGgsW9p8qg67Xe1K6NUv/9UU2cdeIitUDexIQ==",
      "dev": true,
      "license": "Apache-2.0",
      "bin": {
        "tsgo": "bin/tsgo.js"
      },
      "optionalDependencies": {
        "@typescript/native-preview-darwin-arm64": "7.0.0-dev.20260218.1",
        "@typescript/native-preview-darwin-x64": "7.0.0-dev.20260218.1",
        "@typescript/native-preview-linux-arm": "7.0.0-dev.20260218.1",
        "@typescript/native-preview-linux-arm64": "7.0.0-dev.20260218.1",
        "@typescript/native-preview-linux-x64": "7.0.0-dev.20260218.1",
        "@typescript/native-preview-win32-arm64": "7.0.0-dev.20260218.1",
        "@typescript/native-preview-win32-x64": "7.0.0-dev.20260218.1"
      }
    },
    "node_modules/@typescript/native-preview-darwin-arm64": {
      "version": "7.0.0-dev.20260218.1",
      "resolved": "https://registry.npmjs.org/@typescript/native-preview-darwin-arm64/-/native-preview-darwin-arm64-7.0.0-dev.20260218.1.tgz",
      "integrity": "sha512-ybxez4ClJU12TUvX/IxGPIQfS26+Zia7kbB1L4RH+G8yzYg90RPt4njfJkU2WxP70Hp59zS2copPkaBz5gUJkQ==",
      "cpu": [
        "arm64"
      ],
      "dev": true,
      "license": "Apache-2.0",
      "optional": true,
      "os": [
        "darwin"
      ]
    },
    "node_modules/@typescript/native-preview-darwin-x64": {
      "version": "7.0.0-dev.20260218.1",
      "resolved": "https://registry.npmjs.org/@typescript/native-preview-darwin-x64/-/native-preview-darwin-x64-7.0.0-dev.20260218.1.tgz",
      "integrity": "sha512-n9Ki8WTW82w6PlBTlrAQAjEUQB2V7C2oXrkN5U7ElwUH4FOostSFzZHuAdnPMbdzMx76P0pEw9FteYrLDA4m9g==",
      "cpu": [
        "x64"
      ],
      "dev": true,
      "license": "Apache-2.0",
      "optional": true,
      "os": [
        "darwin"
      ]
    },
    "node_modules/@typescript/native-preview-linux-arm": {
      "version": "7.0.0-dev.20260218.1",
      "resolved": "https://registry.npmjs.org/@typescript/native-preview-linux-arm/-/native-preview-linux-arm-7.0.0-dev.20260218.1.tgz",
      "integrity": "sha512-WRPMvTztPatQ91UzYWSp82NT45JmjMgo/pVgZjXYEWdF2rwS4ejzR6DnHq30jXhEPnMah1bTeOzSWFF2kvXUmg==",
      "cpu": [
        "arm"
      ],
      "dev": true,
      "license": "Apache-2.0",
      "optional": true,
      "os": [
        "linux"
      ]
    },
    "node_modules/@typescript/native-preview-linux-arm64": {
      "version": "7.0.0-dev.20260218.1",
      "resolved": "https://registry.npmjs.org/@typescript/native-preview-linux-arm64/-/native-preview-linux-arm64-7.0.0-dev.20260218.1.tgz",
      "integrity": "sha512-Osus82LSlwi1l3LoxLWKDuxh5E8JyWwkseBjr2n+TMaTuDPcRSzT8Jr4ywIp3NJpCUUV/LzR84i64jA6g8iVIw==",
      "cpu": [
        "arm64"
      ],
      "dev": true,
      "license": "Apache-2.0",
      "optional": true,
      "os": [
        "linux"
      ]
    },
    "node_modules/@typescript/native-preview-linux-x64": {
      "version": "7.0.0-dev.20260218.1",
      "resolved": "https://registry.npmjs.org/@typescript/native-preview-linux-x64/-/native-preview-linux-x64-7.0.0-dev.20260218.1.tgz",
      "integrity": "sha512-jcDhKCvhWQyMbra4MiqSgyUoSdM9mAiSkIdc80qScpk03aZOU+BZEmHz51S+fEn+8KRWuMuIHXM3sG3oX/EJZA==",
      "cpu": [
        "x64"
      ],
      "dev": true,
      "license": "Apache-2.0",
      "optional": true,
      "os": [
        "linux"
      ]
    },
    "node_modules/@typescript/native-preview-win32-arm64": {
      "version": "7.0.0-dev.20260218.1",
      "resolved": "https://registry.npmjs.org/@typescript/native-preview-win32-arm64/-/native-preview-win32-arm64-7.0.0-dev.20260218.1.tgz",
      "integrity": "sha512-VmWvJ+TEuTPmZrhWe+buvvUvHbMyiD4ZLgxYPdYcJ3kRQlk2mD5lOq63ZISx1pDB8kYz5/R5xYKy/8gSIU5MgQ==",
      "cpu": [
        "arm64"
      ],
      "dev": true,
      "license": "Apache-2.0",
      "optional": true,
      "os": [
        "win32"
      ]
    },
    "node_modules/@typescript/native-preview-win32-x64": {
      "version": "7.0.0-dev.20260218.1",
      "resolved": "https://registry.npmjs.org/@typescript/native-preview-win32-x64/-/native-preview-win32-x64-7.0.0-dev.20260218.1.tgz",
      "integrity": "sha512-9zfUrKV3xBog2tpIR9NZOags+QJZSj7v9Ek7KdSkVu978IJqF9RX7oa2xftX+eiHySfV5ZQ8r2fdhdbYBk+kMw==",
      "cpu": [
        "x64"
      ],
      "dev": true,
      "license": "Apache-2.0",
      "optional": true,
      "os": [
        "win32"
      ]
    },
    "node_modules/typescript": {
      "version": "5.9.3",
      "resolved": "https://registry.npmjs.org/typescript/-/typescript-5.9.3.tgz",
      "integrity": "sha512-jl1vZzPDinLr9eUt3J/t7V6FgNEw9QjvBPdysz9KfQDD41fQrC2Y4vKQdiaUpFT4bXlb1RHhLpp8wtm6M5TgSw==",
      "dev": true,
      "bin": {
        "tsc": "bin/tsc",
        "tsserver": "bin/tsserver"
      },
      "engines": {
        "node": ">=14.17"
      }
    },
    "node_modules/undici-types": {
      "version": "6.21.0",
      "resolved": "https://registry.npmjs.org/undici-types/-/undici-types-6.21.0.tgz",
      "integrity": "sha512-iwDZqg0QAGrg9Rav5H4n0M64c3mkR59cJ6wQp+7C4nI0gsmExaedaYLNO44eT4AtBBwjbTiGPMlt2Md0T9H9JQ==",
      "dev": true
    }
  }
}
